
Microsoft Visual Studio Solution File, Format Version 12.00
# Visual Studio Version 17
VisualStudioVersion = 17.12.35728.132
MinimumVisualStudioVersion = 10.0.40219.1
Project("{FAE04EC0-301F-11D3-BF4B-00C04F79EFBC}") = "WeatherBot.API", "WeatherBot.API\WeatherBot.API.csproj", "{A07C5313-0766-49C6-9C2B-6231C7560E73}"
EndProject
Project("{FAE04EC0-301F-11D3-BF4B-00C04F79EFBC}") = "WeatherBot.Tests", "WeatherBot.Tests\WeatherBot.Tests.csproj", "{6DBEEC8E-CB31-4F61-A330-4D2EA847774D}"
EndProject
Global
	GlobalSection(SolutionConfigurationPlatforms) = preSolution
		Debug|Any CPU = Debug|Any CPU
		Release|Any CPU = Release|Any CPU
	EndGlobalSection
	GlobalSection(ProjectConfigurationPlatforms) = postSolution
		{A07C5313-0766-49C6-9C2B-6231C7560E73}.Debug|Any CPU.ActiveCfg = Debug|Any CPU
		{A07C5313-0766-49C6-9C2B-6231C7560E73}.Debug|Any CPU.Build.0 = Debug|Any CPU
		{A07C5313-0766-49C6-9C2B-6231C7560E73}.Release|Any CPU.ActiveCfg = Release|Any CPU
		{A07C5313-0766-49C6-9C2B-6231C7560E73}.Release|Any CPU.Build.0 = Release|Any CPU
		{6DBEEC8E-CB31-4F61-A330-4D2EA847774D}.Debug|Any CPU.ActiveCfg = Debug|Any CPU
		{6DBEEC8E-CB31-4F61-A330-4D2EA847774D}.Debug|Any CPU.Build.0 = Debug|Any CPU
		{6DBEEC8E-CB31-4F61-A330-4D2EA847774D}.Release|Any CPU.ActiveCfg = Release|Any CPU
		{6DBEEC8E-CB31-4F61-A330-4D2EA847774D}.Release|Any CPU.Build.0 = Release|Any CPU
	EndGlobalSection
	GlobalSection(SolutionProperties) = preSolution
		HideSolutionNode = FALSE
	EndGlobalSection
EndGlobal
